Microsoft Visual Studio Solution File, Format Version 12.00
# Visual Studio 2012
Project("{FAE04EC0-301F-11D3-BF4B-00C04F79EFBC}") = "Hello World", "Hello World.csproj", "{169CCE58-6A0B-41BF-A90C-9BE17D32B96E}"
EndProject
Global
	GlobalSection(SolutionConfigurationPlatforms) = preSolution
	Debug|Any CPU = Debug|Any CPU
	Release|Any CPU = Release|Any CPU
	Tools|Any CPU = Tools|Any CPU
	EndGlobalSection
	GlobalSection(ProjectConfigurationPlatforms) = postSolution
		{169CCE58-6A0B-41BF-A90C-9BE17D32B96E}.Debug|Any CPU.ActiveCfg = Debug|Any CPU
		{169CCE58-6A0B-41BF-A90C-9BE17D32B96E}.Debug|Any CPU.Build.0 = Debug|Any CPU
		{169CCE58-6A0B-41BF-A90C-9BE17D32B96E}.Release|Any CPU.ActiveCfg = Release|Any CPU
		{169CCE58-6A0B-41BF-A90C-9BE17D32B96E}.Release|Any CPU.Build.0 = Release|Any CPU
		{169CCE58-6A0B-41BF-A90C-9BE17D32B96E}.Tools|Any CPU.ActiveCfg = Tools|Any CPU
		{169CCE58-6A0B-41BF-A90C-9BE17D32B96E}.Tools|Any CPU.Build.0 = Tools|Any CPU
	EndGlobalSection
EndGlobal
